
Microsoft Visual Studio Solution File, Format Version 12.00
# Visual Studio Version 17
VisualStudioVersion = 17.5.33424.131
MinimumVisualStudioVersion = 10.0.40219.1
Project("{FAE04EC0-301F-11D3-BF4B-00C04F79EFBC}") = "practice_9", "practice_9\practice_9.csproj", "{EB42A608-483C-4D97-86C4-69651D96020C}"
EndProject
Global
	GlobalSection(SolutionConfigurationPlatforms) = preSolution
		Debug|Any CPU = Debug|Any CPU
		Release|Any CPU = Release|Any CPU
	EndGlobalSection
	GlobalSection(ProjectConfigurationPlatforms) = postSolution
		{EB42A608-483C-4D97-86C4-69651D96020C}.Debug|Any CPU.ActiveCfg = Debug|Any CPU
		{EB42A608-483C-4D97-86C4-69651D96020C}.Debug|Any CPU.Build.0 = Debug|Any CPU
		{EB42A608-483C-4D97-86C4-69651D96020C}.Release|Any CPU.ActiveCfg = Release|Any CPU
		{EB42A608-483C-4D97-86C4-69651D96020C}.Release|Any CPU.Build.0 = Release|Any CPU
	EndGlobalSection
	GlobalSection(SolutionProperties) = preSolution
		HideSolutionNode = FALSE
	EndGlobalSection
	GlobalSection(ExtensibilityGlobals) = postSolution
		SolutionGuid = {7F70196A-D72A-4549-9795-57FCC440C762}
	EndGlobalSection
EndGlobal
